
Microsoft Visual Studio Solution File, Format Version 12.00
# Visual Studio Version 17
VisualStudioVersion = 17.4.33213.308
MinimumVisualStudioVersion = 10.0.40219.1
Project("{FAE04EC0-301F-11D3-BF4B-00C04F79EFBC}") = "4People", "4People.csproj", "{B02A854D-3471-4823-B381-69752382F125}"
EndProject
Global
	GlobalSection(SolutionConfigurationPlatforms) = preSolution
		Debug|Any CPU = Debug|Any CPU
		Release|Any CPU = Release|Any CPU
	EndGlobalSection
	GlobalSection(ProjectConfigurationPlatforms) = postSolution
		{B02A854D-3471-4823-B381-69752382F125}.Debug|Any CPU.ActiveCfg = Debug|Any CPU
		{B02A854D-3471-4823-B381-69752382F125}.Debug|Any CPU.Build.0 = Debug|Any CPU
		{B02A854D-3471-4823-B381-69752382F125}.Release|Any CPU.ActiveCfg = Release|Any CPU
		{B02A854D-3471-4823-B381-69752382F125}.Release|Any CPU.Build.0 = Release|Any CPU
	EndGlobalSection
	GlobalSection(SolutionProperties) = preSolution
		HideSolutionNode = FALSE
	EndGlobalSection
	GlobalSection(ExtensibilityGlobals) = postSolution
		SolutionGuid = {E6D97BEB-9274-4E3B-A3F4-DAEBD3886CE1}
	EndGlobalSection
EndGlobal
